{
  "name": "harness-remote-bridge",
  "version": "0.1.7",
  "lockfileVersion": 3,
  "requires": true,
  "packages": {
    "": {
      "name": "harness-remote-bridge",
      "version": "0.1.7",
      "bin": {
        "harness-remote-bridge": "src/cli.js",
        "harness-remote-daemon": "src/daemon-bin.js"
      },
      "engines": {
        "node": ">=20"
      }
    }
  }
}
